version = 1
revision = 3
requires-python = ">=3.14"

[[package]]
name = "pillow"
version = "12.3.0"
source = { registry = "https://pypi.org/simple" }
sdist = { url = "https://files.pythonhosted.org/packages/1c/3d/bb7fca845737cf9d7dbde16ed1843984665ff2e0a518f5db43e77ec540b9/pillow-12.3.0.tar.gz", hash = "sha256:3b8182a766685eaa002637e28b4ec8d6b18819a0c71f579bf0dbaa5830297cce", size = 47025035, upload-time = "2026-07-01T11:56:38.965Z" }
wheels = [
    { url = "https://files.pythonhosted.org/packages/dc/01/001f65b68192f0228cc1dbbc8d2530ab5d58b61037ba0587f946fea607cd/pillow-12.3.0-cp314-cp314-ios_13_0_arm64_iphoneos.whl", hash = "sha256:9cf95fe4d0f84c82d282745d9bb08ad9f926efa00be4697e767b814ce40d4330", size = 4161736, upload-time = "2026-07-01T11:54:51.156Z" },
    { url = "https://files.pythonhosted.org/packages/1a/d2/0219746d0fd16fc8a84498e79452375be3797d3ce4044596ce565164b84f/pillow-12.3.0-cp314-cp314-ios_13_0_arm64_iphonesimulator.whl", hash = "sha256:8728f216dcdb6e6d555cf971cb34076139ad74b31fc2c14da4fafc741c5f6217", size = 4255435, upload-time = "2026-07-01T11:54:53.414Z" },
    { url = "https://files.pythonhosted.org/packages/c8/02/8d0bc62ef0302318c46ff2a512822d2610e81c7aa46c9b3abe6cbaca5ad0/pillow-12.3.0-cp314-cp314-ios_13_0_x86_64_iphonesimulator.whl", hash = "sha256:a45650e8ce7fafffd731db8550230db6b0d306d181a90b67d3e6bca2f1990930", size = 3696262, upload-time = "2026-07-01T11:54:55.739Z" },
    { url = "https://files.pythonhosted.org/packages/85/e2/73c77d218410b14f5f2d565e8a998d5317b7b9c75368d29985139f7a46f0/pillow-12.3.0-cp314-cp314-macosx_10_15_x86_64.whl", hash = "sha256:ba54cfebe86920a559a7c4d6b9050791c20513650a1952ebe3368c7dc70306f8", size = 5350344, upload-time = "2026-07-01T11:54:57.657Z" },
    { url = "https://files.pythonhosted.org/packages/c7/da/32c752228ae345f489e3a42499d817b6c3996da7e8a3bc7a04fc806b243b/pillow-12.3.0-cp314-cp314-macosx_11_0_arm64.whl", hash = "sha256:e158cb00350dc278f3b91551101aa7d12415a66ebf2c91d8d5ac14e56ddd3ad0", size = 4780131, upload-time = "2026-07-01T11:54:59.713Z" },
    { url = "https://files.pythonhosted.org/packages/b1/9d/8b2c807dbef61a5197c047afe99823787eb66f63daf9fb2432f91d6f0462/pillow-12.3.0-cp314-cp314-manylinux_2_27_aarch64.manylinux_2_28_aarch64.whl", hash = "sha256:e9aeb04d6aef139de265b29683e119b638208f88cf73cdd1658aa07221165321", size = 6263757, upload-time = "2026-07-01T11:55:01.778Z" },
    { url = "https://files.pythonhosted.org/packages/5c/44/c85361f65dbe00eea8576ee467c768d25129989efb76e94f205e9ca9bb46/pillow-12.3.0-cp314-cp314-manylinux_2_27_x86_64.manylinux_2_28_x86_64.whl", hash = "sha256:251bf95b67017e27b13d82f5b326234ca62d70f9cf4c2b9032de2358a3b12c7b", size = 6936962, upload-time = "2026-07-01T11:55:03.93Z" },
    { url = "https://files.pythonhosted.org/packages/18/7e/e483414b35800b86b6f08dbbc7803fb5cd52c4d6f897f47d53ea2c7e6f65/pillow-12.3.0-cp314-cp314-musllinux_1_2_aarch64.whl", hash = "sha256:fe3cca2e4e8a592be0f269a1ca4835c25199d9f3ce815c8491048f785b0a0198", size = 6339171, upload-time = "2026-07-01T11:55:05.989Z" },
    { url = "https://files.pythonhosted.org/packages/f0/f4/68c491844841ede6bed70189546b3ee9731cf9f2cbad396faff5e1ccba45/pillow-12.3.0-cp314-cp314-musllinux_1_2_x86_64.whl", hash = "sha256:23aceaa007d6172b02c277f0cd359c79492bbb14f7072b4ede9fbcaf20648130", size = 7048116, upload-time = "2026-07-01T11:55:08.131Z" },
    { url = "https://files.pythonhosted.org/packages/a3/34/77f3f793fed8efc7d243f21b33c5a3f0d1c97ee70346d3db855587e155ff/pillow-12.3.0-cp314-cp314-win32.whl", hash = "sha256:af8d94b0db561cf68b88a267c5c44b49e134f525d0dc2cb7ed413a66bc23559a", size = 6467209, upload-time = "2026-07-01T11:55:10.408Z" },
    { url = "https://files.pythonhosted.org/packages/f1/e0/492879f69d94f91f60fc8cd05ba03650e9520afebb2fb7aa12777d7c7f38/pillow-12.3.0-cp314-cp314-win_amd64.whl", hash = "sha256:fdafc9cce40277e0f7a0feabce0ee50dd2fa1800f3b38015e51296b5e814048d", size = 7237707, upload-time = "2026-07-01T11:55:12.745Z" },
    { url = "https://files.pythonhosted.org/packages/c9/ac/6b11f2875f1c2ac040d84e1bbf9cf22a88038f901ca1037898b280b38365/pillow-12.3.0-cp314-cp314-win_arm64.whl", hash = "sha256:e91206ee562682b51b98ef4b26a6ef48fd84e15fd4c4bc5ec768eb641d206838", size = 2565995, upload-time = "2026-07-01T11:55:14.736Z" },
    { url = "https://files.pythonhosted.org/packages/52/69/c2208e56af9bfc1913afb24020297a691eb1d4ef688474c8a04913f65e04/pillow-12.3.0-cp314-cp314t-macosx_10_15_x86_64.whl", hash = "sha256:164b31cd1a0490ab6efae01aa5df49da7061be0af1b30e035b6e9a1bfe34ee6e", size = 5352503, upload-time = "2026-07-01T11:55:17.076Z" },
    { url = "https://files.pythonhosted.org/packages/07/70/e5686d753e898a45d778ff1718dba8516ead6ab6b95d85fc8c4b70650cf2/pillow-12.3.0-cp314-cp314t-macosx_11_0_arm64.whl", hash = "sha256:5afb51d599ea772b8365ae807ae557f18bccfe46ab261fd1c2a9ed700fc6eb17", size = 4782956, upload-time = "2026-07-01T11:55:19.448Z" },
    { url = "https://files.pythonhosted.org/packages/d5/37/25c6692f06927ee973ff18c8d9ee98ad0b4d84ee67a09610c2dd1447958e/pillow-12.3.0-cp314-cp314t-manylinux_2_27_aarch64.manylinux_2_28_aarch64.whl", hash = "sha256:3edce1d53195db527e0191f84b71d02022de0540bf43a16ed734ed7537b07385", size = 6322855, upload-time = "2026-07-01T11:55:21.613Z" },
    { url = "https://files.pythonhosted.org/packages/cc/91/420637fcb8f1bc11029e403b4538e6694744428d8246118e45719f944556/pillow-12.3.0-cp314-cp314t-manylinux_2_27_x86_64.manylinux_2_28_x86_64.whl", hash = "sha256:bf16ba1b4d0b6b7c8e534936632270cf70eb00dbe09005bc345b2677b726855c", size = 6989642, upload-time = "2026-07-01T11:55:24.006Z" },
    { url = "https://files.pythonhosted.org/packages/10/08/b94d7811281ccf0d143a1cf768d1c49e1e54af63e7b708ab2ee3eb87face/pillow-12.3.0-cp314-cp314t-musllinux_1_2_aarch64.whl", hash = "sha256:24870b09b224f7ae3c39ed07d10e819d06f8720bc551847b1d623832b5b0e28d", size = 6391281, upload-time = "2026-07-01T11:55:26.252Z" },
    { url = "https://files.pythonhosted.org/packages/d2/87/24233f785f55474dc02ce3e739c5528a77e3a862e9333d1dd7a25cc31f70/pillow-12.3.0-cp314-cp314t-musllinux_1_2_x86_64.whl", hash = "sha256:30f2aa603c41533cc25c05acd0da21636e84a315768feb631c937177db558931", size = 7096716, upload-time = "2026-07-01T11:55:28.318Z" },
    { url = "https://files.pythonhosted.org/packages/23/26/fcb2f6e37175b04f53570b59937867e2b80ee1685e744023153028fc14f9/pillow-12.3.0-cp314-cp314t-win32.whl", hash = "sha256:4b0a7fe987b14c31ebda6083f74f22b561fd3739bc0ac51e019622e3d72668c7", size = 6474125, upload-time = "2026-07-01T11:55:30.956Z" },
    { url = "https://files.pythonhosted.org/packages/90/de/3634abee5f1c9e13c56787b7d5517b0ba8d6de51700b95578cf338349c9f/pillow-12.3.0-cp314-cp314t-win_amd64.whl", hash = "sha256:962864dc93511324d51ddbb5b9f8731bf71675b93ca612a07441896f4688fb8c", size = 7242939, upload-time = "2026-07-01T11:55:34.044Z" },
    { url = "https://files.pythonhosted.org/packages/ce/2a/fd13f8eb24de5714a6eb444a3d67e2842c6c576e159a43793adf23051351/pillow-12.3.0-cp314-cp314t-win_arm64.whl", hash = "sha256:0740a512dc522224c77d9aa5a8d70d8b7d73fb91f2c21125d8d025d3b8990e45", size = 2567506, upload-time = "2026-07-01T11:55:35.988Z" },
    { url = "https://files.pythonhosted.org/packages/5d/dc/8fdce34ec725a33c81c6ba122b904d6b9024e50ea9ac7bede62fab54506c/pillow-12.3.0-cp315-cp315-ios_13_0_arm64_iphoneos.whl", hash = "sha256:0feb2e9d6ad6c9e3c06effe9d00f3f1e618a6643273576b016f591e9315a7139", size = 4162063, upload-time = "2026-07-01T11:55:37.941Z" },
    { url = "https://files.pythonhosted.org/packages/76/66/2044b9a63d3b84ff048228dfcb7cd9bf0df983e8470971bf7d4c57b693de/pillow-12.3.0-cp315-cp315-ios_13_0_arm64_iphonesimulator.whl", hash = "sha256:9e881fca225083806662a5c43d627d215f258ff43c890f831966c7d7ba9c7402", size = 4255549, upload-time = "2026-07-01T11:55:40.022Z" },
    { url = "https://files.pythonhosted.org/packages/52/7e/1f67e6f4ece6b582ee4b539decbcc9f848dc245a93ed8cd7338bafef72f1/pillow-12.3.0-cp315-cp315-ios_13_0_x86_64_iphonesimulator.whl", hash = "sha256:4998562bf62a445225f22e07c896bb04b35b1b1f2eb6d760584c9c51d7a5f78c", size = 3696331, upload-time = "2026-07-01T11:55:41.98Z" },
    { url = "https://files.pythonhosted.org/packages/12/40/d306fc2c8e4d45d7f175c77edca7063be7b86fe7fe6e68f4353bf71d808c/pillow-12.3.0-cp315-cp315-macosx_10_15_x86_64.whl", hash = "sha256:dc624f6bc473dacdf7ef7eb8678d0d08edf15cd94fad6ae5c7d6cc67a4e4902f", size = 5350370, upload-time = "2026-07-01T11:55:44.028Z" },
    { url = "https://files.pythonhosted.org/packages/dd/44/668fb1437e8ce420f62d6106eb66e44a5971602a4d794615bdf79315d82d/pillow-12.3.0-cp315-cp315-macosx_11_0_arm64.whl", hash = "sha256:71d6097b330eea8fd15097780c8e89cb1a8ce7838669f48c5bacd6f663dd4701", size = 4780147, upload-time = "2026-07-01T11:55:46.073Z" },
    { url = "https://files.pythonhosted.org/packages/0c/08/93fa2e70e30a2d81547e481b6ee2bb9522117221fb1e0ce4b5df70967677/pillow-12.3.0-cp315-cp315-manylinux_2_27_aarch64.manylinux_2_28_aarch64.whl", hash = "sha256:28ce87c5ab450a9dd970b52e5aca5fe63ed432d18a2eaddd1979a00a1ba24ace", size = 6273659, upload-time = "2026-07-01T11:55:48.264Z" },
    { url = "https://files.pythonhosted.org/packages/f8/6d/043e96ff814fc31a33077e4cba86082167db520c93632afdf2042febbb0c/pillow-12.3.0-cp315-cp315-manylinux_2_27_x86_64.manylinux_2_28_x86_64.whl", hash = "sha256:6b02afb9b97f65fbca5f31db6a2a3ba21aa93030225f150fa3f249717e938fb4", size = 6947439, upload-time = "2026-07-01T11:55:50.503Z" },
    { url = "https://files.pythonhosted.org/packages/af/92/ba71d2ee2ac0edf3fa33bd9d5ee9ee080da70b1766f3ca3934f9938ddac9/pillow-12.3.0-cp315-cp315-musllinux_1_2_aarch64.whl", hash = "sha256:1182d52bc2d5e5d7d0949503aa7e36d12f42205dc287e4883f407b1988820d39", size = 6353577, upload-time = "2026-07-01T11:55:52.697Z" },
    { url = "https://files.pythonhosted.org/packages/0f/ce/e63064e2122923ff687c8ad792d0d736a7b3920a56a46982e81a7fdd25d6/pillow-12.3.0-cp315-cp315-musllinux_1_2_x86_64.whl", hash = "sha256:e795b7eb908249c4e43c7c99fac7c2c75dab0c43566e37db472a355f63693d71", size = 7060394, upload-time = "2026-07-01T11:55:55.149Z" },
    { url = "https://files.pythonhosted.org/packages/54/76/a09cc3ccc8d773a7283d34c38bec1708f9e3cc932093cbc4c5e71ac4060b/pillow-12.3.0-cp315-cp315-win32.whl", hash = "sha256:57b3d78c95ba9059768b10e28b813002261d3f3dfc55cc48b0c988f625175827", size = 6467375, upload-time = "2026-07-01T11:55:57.769Z" },
    { url = "https://files.pythonhosted.org/packages/3e/03/1846c49ba3b1d5550392a4bbd06d6fb4578e1cd91a803198b5c90f5f7d53/pillow-12.3.0-cp315-cp315-win_amd64.whl", hash = "sha256:fa4ecea169a355be7a3ade2c783e2ed12f0e40d2c5621cda8b3297faf7fbb9f5", size = 7237048, upload-time = "2026-07-01T11:55:59.975Z" },
    { url = "https://files.pythonhosted.org/packages/fb/bb/89f35dcc79610423f9f195504d7def7f0d1416a711541b42867e25fe3412/pillow-12.3.0-cp315-cp315-win_arm64.whl", hash = "sha256:877c3f311ff35410f690861c4409e7ccbf0cd2f878e50628a28e5a0bb689e658", size = 2566006, upload-time = "2026-07-01T11:56:02.143Z" },
    { url = "https://files.pythonhosted.org/packages/30/88/707027ba09942dfa2c28759b5c222d769290a41c6d20ea60ec250801941f/pillow-12.3.0-cp315-cp315t-macosx_10_15_x86_64.whl", hash = "sha256:e9871b1ffbfa9656b60aeee92ed5136a5742696006fa322b29ea3d8da0ecc9cf", size = 5352509, upload-time = "2026-07-01T11:56:04.2Z" },
    { url = "https://files.pythonhosted.org/packages/b0/6d/00352fa25332c2569cd387851f568cc5a4b75a9adbfb37ac4fbce4c02eec/pillow-12.3.0-cp315-cp315t-macosx_11_0_arm64.whl", hash = "sha256:53aa02d20d10c3d814d536aa4e5ac9b84ca0ff5a88377963b085ad6822f93e64", size = 4783167, upload-time = "2026-07-01T11:56:06.631Z" },
    { url = "https://files.pythonhosted.org/packages/13/4f/9e049dfa21af7c22427275720e2490267ba8138120add5c4c574deb69782/pillow-12.3.0-cp315-cp315t-manylinux_2_27_aarch64.manylinux_2_28_aarch64.whl", hash = "sha256:446c34dcc4324b084a53b705127dc15717b22c5e140ae0a3c38349d4efec071e", size = 6329237, upload-time = "2026-07-01T11:56:08.868Z" },
    { url = "https://files.pythonhosted.org/packages/36/16/cf6eeaae8d0fce8dd390a33437cf68c5d5bd73834a2bc6e2f14efda0ab45/pillow-12.3.0-cp315-cp315t-manylinux_2_27_x86_64.manylinux_2_28_x86_64.whl", hash = "sha256:cf1845d02ad822a369a49f2bb9345b1614744267682e7a03527dc3bf6eea1777", size = 6997047, upload-time = "2026-07-01T11:56:11.379Z" },
    { url = "https://files.pythonhosted.org/packages/1e/69/dbf769bdd55f48bf5733cac28edc6364ffaa072ec9ba336266e4fe66be55/pillow-12.3.0-cp315-cp315t-musllinux_1_2_aarch64.whl", hash = "sha256:186941b6aef820ad110fb01fb06eb925374dc3a21b17e37ec9a53b250c6fe2d1", size = 6400440, upload-time = "2026-07-01T11:56:13.908Z" },
    { url = "https://files.pythonhosted.org/packages/a0/e1/ffc9cfc2eea0d178da8018e18e959301ad9d6bc9f3edb7181e748a474b97/pillow-12.3.0-cp315-cp315t-musllinux_1_2_x86_64.whl", hash = "sha256:f13c32a3abd6079a66d9526e18dad9b6d280384d49d7c54040cd57b6424041d9", size = 7105895, upload-time = "2026-07-01T11:56:16.575Z" },
    { url = "https://files.pythonhosted.org/packages/18/f0/a5595c1e8c3ae44b9828cb2f0fa8155e5095ef04d6327b8f61cf44a3df85/pillow-12.3.0-cp315-cp315t-win32.whl", hash = "sha256:1657923d2d45afb66526e5b933e5b3052e6bdea196c90d3abb2424e18c77dae8", size = 6474384, upload-time = "2026-07-01T11:56:18.855Z" },
    { url = "https://files.pythonhosted.org/packages/e4/04/62bcd9f844984c5938d3b05264a61d797a29d3e0812341a8204af70bbdee/pillow-12.3.0-cp315-cp315t-win_amd64.whl", hash = "sha256:8cd2f7bdda092d99c9fc2fb7391354f306d01443d22785d0cbfafa2e2c8bb418", size = 7243537, upload-time = "2026-07-01T11:56:21.214Z" },
    { url = "https://files.pythonhosted.org/packages/3d/68/1f3066acedf37673694a7141381d8f811ae97f30d34413d236abe7d489f1/pillow-12.3.0-cp315-cp315t-win_arm64.whl", hash = "sha256:06ff022112bc9cbf83b60f8e028d94ad87b60621706487e65f673de61610ab59", size = 2567491, upload-time = "2026-07-01T11:56:23.506Z" },
]

[[package]]
name = "pillow-heif"
version = "1.7.0"
source = { registry = "https://pypi.org/simple" }
dependencies = [
    { name = "pillow" },
]
sdist = { url = "https://files.pythonhosted.org/packages/e8/be/0202b6492a225ec0a6cebc615fbf587179a72cf3a7fa91c0753cba7b986f/pillow_heif-1.7.0.tar.gz", hash = "sha256:1caa5a97364665d45056d25be302e586c39df64ee42ce55241e3735e089809ed", size = 17118169, upload-time = "2026-09-06T09:36:53.109Z" }
wheels = [
    { url = "https://files.pythonhosted.org/packages/a7/cf/810c2ad915e017cdc129579093eddaa00017143de227b93a955ce97abc8b/pillow_heif-1.7.0-cp314-cp314-macosx_10_15_x86_64.whl", hash = "sha256:6188e8a4203be50366e24345e8fdb50f8f6af54ac6b1875a2fe21b17505e01ae", size = 4759761, upload-time = "2026-09-06T09:35:32.756Z" },
    { url = "https://files.pythonhosted.org/packages/ed/d2/3ac9f209ea5adebbbee6da55e28a3017b672370078feb5c2940526d5a57c/pillow_heif-1.7.0-cp314-cp314-macosx_11_0_arm64.whl", hash = "sha256:cbb155e2fe0c3c95414661b48bfc6972d53f94eaa487e0ccd29dd3ea17725b1a", size = 4279585, upload-time = "2026-09-06T09:35:34.617Z" },
    { url = "https://files.pythonhosted.org/packages/5e/04/d4481661a720860f48998575916ce5c19d62369b90155a58bbed3ea49e1a/pillow_heif-1.7.0-cp314-cp314-manylinux_2_26_aarch64.manylinux_2_28_aarch64.whl", hash = "sha256:09e29bd7d1cecfcbdb9041c3e2a2f1d6f9327ec3804d9035e2909ec88578f25d", size = 6366862, upload-time = "2026-09-06T09:35:36.85Z" },
    { url = "https://files.pythonhosted.org/packages/c1/20/fe24ebe67fcac47864b2966620958c21f403feda4fd37fdf4a7108134c17/pillow_heif-1.7.0-cp314-cp314-manylinux_2_27_x86_64.manylinux_2_28_x86_64.whl", hash = "sha256:850005a64f30b1905866d4ee4c99b09e3b4d5358873e95e64161bcc45ee9f406", size = 5620591, upload-time = "2026-09-06T09:35:38.821Z" },
    { url = "https://files.pythonhosted.org/packages/64/fb/332ff7e2ed90c8fe87a799221e25d762807073b2e6678bb9c6521cd7bc36/pillow_heif-1.7.0-cp314-cp314-musllinux_1_2_aarch64.whl", hash = "sha256:d62d25bb7d2db573b9386d1624bdb4bd7ba1b8b8aeb7989af06ae33b9333bc4f", size = 7399716, upload-time = "2026-09-06T09:35:40.849Z" },
    { url = "https://files.pythonhosted.org/packages/cd/b6/4ce87892f1db087ca4aad720c8694912b0cc4477ad27bb5b45a40caec5bd/pillow_heif-1.7.0-cp314-cp314-musllinux_1_2_x86_64.whl", hash = "sha256:4b7a259056bd7de5a5d56799f5ed01591d33c1a622aef18be8562db7979961d3", size = 6655686, upload-time = "2026-09-06T09:35:42.762Z" },
    { url = "https://files.pythonhosted.org/packages/02/d6/3234cad7323d3580fb15df02c9992b9a6d7b5878717cd8bc5fca526f0c28/pillow_heif-1.7.0-cp314-cp314-win_amd64.whl", hash = "sha256:21754c373ae59e69fcb1d568f64b5d7c8140f61d5114289dd753dcb2c4869c8b", size = 6762464, upload-time = "2026-09-06T09:35:45.933Z" },
    { url = "https://files.pythonhosted.org/packages/c8/cb/08c25c14a9d6cd64db7a303978c5d2994d5d294f233fcdb14d0928139569/pillow_heif-1.7.0-cp314-cp314-win_arm64.whl", hash = "sha256:f349f9591a19ef4ade9155595b646d3ce907fa95a33fada1b1cda89a441c305d", size = 4058274, upload-time = "2026-09-06T09:35:47.964Z" },
    { url = "https://files.pythonhosted.org/packages/9f/5a/e5083fc7dc247312f717dc418b0503d3cb6b83b2972dd004ba36df6fda99/pillow_heif-1.7.0-cp314-cp314t-macosx_10_15_x86_64.whl", hash = "sha256:43d79fa16ab142a9a48577417b3efa6ec2d7a610b8a5aa3c77548ecfeb30e473", size = 4760669, upload-time = "2026-09-06T09:35:50.051Z" },
    { url = "https://files.pythonhosted.org/packages/b6/4a/eadca94ba7e38dd9257a6814e71a30c8dedde54cac7be509057ff2d1bdaa/pillow_heif-1.7.0-cp314-cp314t-macosx_11_0_arm64.whl", hash = "sha256:1494eaf01de9b5571bf064f14239e0036d59e9e0db6c99ad47b9a216f6187383", size = 4280430, upload-time = "2026-09-06T09:35:51.88Z" },
    { url = "https://files.pythonhosted.org/packages/6f/43/e400e019d3e36d1c7e13c45633b8c36b072b378825b103c60d28611ba5b8/pillow_heif-1.7.0-cp314-cp314t-manylinux_2_26_aarch64.manylinux_2_28_aarch64.whl", hash = "sha256:52513a022d3fcf14993dcd7290df9b43bb92b5aa8471db79bb680b62c8378b7c", size = 6372810, upload-time = "2026-09-06T09:35:53.867Z" },
    { url = "https://files.pythonhosted.org/packages/c1/cf/bd34565fd81a32ff930894f2823bebed27a44e0954224f71d5ec597b1518/pillow_heif-1.7.0-cp314-cp314t-manylinux_2_27_x86_64.manylinux_2_28_x86_64.whl", hash = "sha256:2444f95432fd3556a915378789cbc1282e1da55a7f17633e8d928fa72e8fbc9a", size = 5624815, upload-time = "2026-09-06T09:35:55.856Z" },
    { url = "https://files.pythonhosted.org/packages/df/28/233c03f61e214ebb6213a48fba1ee4a17202244e1800ad92a884d02500ce/pillow_heif-1.7.0-cp314-cp314t-musllinux_1_2_aarch64.whl", hash = "sha256:f7af31a970c620b25dd144e3094ebf74162e72e08d367a1901a80ccb321859b2", size = 7404821, upload-time = "2026-09-06T09:35:58.076Z" },
    { url = "https://files.pythonhosted.org/packages/28/5a/0a836f5dac24a517f48b0871e31d234792246aa6e94fbeb2210da84b5b28/pillow_heif-1.7.0-cp314-cp314t-musllinux_1_2_x86_64.whl", hash = "sha256:3f70c05d9f732b54ffd226750cc0c2e0d89e4cfd9e19eeb88971c899406ecc98", size = 6659823, upload-time = "2026-09-06T09:36:00.416Z" },
    { url = "https://files.pythonhosted.org/packages/0b/2d/29365ea5bc00b0338cd2126da2eab5dc70fb2ea79ffad25a775b10c118cd/pillow_heif-1.7.0-cp314-cp314t-win_amd64.whl", hash = "sha256:988c0a49af25d856d2291cc5e86562d254a0956352dcfd4e2928c7e2e56dbf17", size = 6763115, upload-time = "2026-09-06T09:36:02.791Z" },
    { url = "https://files.pythonhosted.org/packages/fd/37/21e8bc38edc447c7dfa0bdcea431cf5f1a58a71736fa9e12462fa11d21cf/pillow_heif-1.7.0-cp314-cp314t-win_arm64.whl", hash = "sha256:6f211efb455f3daae0ef9c9615327fa864075ab24b664dd0734b2c7ac2c8572d", size = 4058776, upload-time = "2026-09-06T09:36:04.753Z" },
    { url = "https://files.pythonhosted.org/packages/ad/20/9c71eea91927ca295411d0ea60a909a41d20de11a00fe09221fcb05a070e/pillow_heif-1.7.0-cp315-cp315-macosx_10_15_x86_64.whl", hash = "sha256:5e4a1f37a71e870477ce23ab0232798e811415266c7ef5923dcd68ba4742a9af", size = 4759759, upload-time = "2026-09-06T09:36:06.68Z" },
    { url = "https://files.pythonhosted.org/packages/dc/8b/561a1ecd28623342b52622f96ce5661c42b0f89ea6872c315ee80b3af89e/pillow_heif-1.7.0-cp315-cp315-macosx_11_0_arm64.whl", hash = "sha256:e2f2b9116924a676c04f1e825758d73475d162bf17602bbd2c2ee3d4380cdf99", size = 4279463, upload-time = "2026-09-06T09:36:08.573Z" },
    { url = "https://files.pythonhosted.org/packages/d8/38/69437a171e5b42fdece78f8ed8791b9458c58ec65572301e03b672a5a29c/pillow_heif-1.7.0-cp315-cp315-manylinux_2_26_aarch64.manylinux_2_28_aarch64.whl", hash = "sha256:e4efb50275159e8a22783cdcbec278e69e39be49e344b09ca11e4b2fe9e1f504", size = 6367405, upload-time = "2026-09-06T09:36:10.831Z" },
    { url = "https://files.pythonhosted.org/packages/9d/b1/8e39198c99017f962507d593a941057e33e93bd526cab47c79f877ed2420/pillow_heif-1.7.0-cp315-cp315-manylinux_2_27_x86_64.manylinux_2_28_x86_64.whl", hash = "sha256:90c25eeae139de6b006e34a53c8fa69254234bb866e95684b8b905f4f84452df", size = 5621094, upload-time = "2026-09-06T09:36:13.065Z" },
    { url = "https://files.pythonhosted.org/packages/7e/97/8312facd4dd87577acfb2ac2c3d57c0b16aff402a31e3273c1d4cbc5430b/pillow_heif-1.7.0-cp315-cp315-musllinux_1_2_aarch64.whl", hash = "sha256:65a441dd236440816783875685a7d46f6ffc5ef1237581bf2e0c28c397e19b63", size = 7400244, upload-time = "2026-09-06T09:36:15.34Z" },
    { url = "https://files.pythonhosted.org/packages/83/2a/0066619ada3af41ec0cd7dad794ff1046201747fcbf21b70e4ca285df43f/pillow_heif-1.7.0-cp315-cp315-musllinux_1_2_x86_64.whl", hash = "sha256:f599d543d319156a445a7784054467e70c16f7da1753f35ad6dc7805d4b6a4aa", size = 6656169, upload-time = "2026-09-06T09:36:17.579Z" },
    { url = "https://files.pythonhosted.org/packages/bf/54/d96685598622e3e5f740eaa8a94e6f87cb5b60ff87638f53c46a2d63117e/pillow_heif-1.7.0-cp315-cp315-win_amd64.whl", hash = "sha256:3c1f67683ebe28e2ffa017b3a653a0f16441b2e446ca269c6e92cb53061c8eff", size = 6762466, upload-time = "2026-09-06T09:36:19.895Z" },
    { url = "https://files.pythonhosted.org/packages/8a/7f/71cb93a33126f7721d325beb113042e2029028bef7d68704ee00d8f87c9a/pillow_heif-1.7.0-cp315-cp315-win_arm64.whl", hash = "sha256:8a5934112075dd9de8747ddc1a3a6821fe6a53dbafd0e2409b7efede87ca184d", size = 4058273, upload-time = "2026-09-06T09:36:22.526Z" },
    { url = "https://files.pythonhosted.org/packages/30/1c/7754d8702db4b03038243c7cc814be4f41f3949742b87b7648531ec8d92b/pillow_heif-1.7.0-cp315-cp315t-macosx_10_15_x86_64.whl", hash = "sha256:82c06a57830c81c4c374c9f7cd82e8f90a1ef70392d4d03e714c8d33dcaac8ac", size = 4760671, upload-time = "2026-09-06T09:36:24.487Z" },
    { url = "https://files.pythonhosted.org/packages/c1/c5/b1f1762fb61481cd49f6d8013820ba1073e98b91f9a324047d583582b981/pillow_heif-1.7.0-cp315-cp315t-macosx_11_0_arm64.whl", hash = "sha256:692cfd7c3a66bb8acb8a32f784d529261727d42692cb068e2e33b28acb3c698b", size = 4280315, upload-time = "2026-09-06T09:36:26.326Z" },
    { url = "https://files.pythonhosted.org/packages/3a/5c/602eb28c80b9f5d4f56a30d0ae3905f5e494f5e15e24363933c0a741e1bb/pillow_heif-1.7.0-cp315-cp315t-manylinux_2_26_aarch64.manylinux_2_28_aarch64.whl", hash = "sha256:ec6fa696e1a8ba618c74602c6dd42020364a9d4ab65f3b715063a734785cfa32", size = 6373370, upload-time = "2026-09-06T09:36:28.383Z" },
    { url = "https://files.pythonhosted.org/packages/de/00/714b375eba2bfe293076c49e0dc74fd7dd9f021a23f5d30cbd11f7fe6174/pillow_heif-1.7.0-cp315-cp315t-manylinux_2_27_x86_64.manylinux_2_28_x86_64.whl", hash = "sha256:80d168b3337ac5982cd3f78458301da63ab0f6089095ad99cfe95bcde3c5422d", size = 5625421, upload-time = "2026-09-06T09:36:30.828Z" },
    { url = "https://files.pythonhosted.org/packages/05/a8/857319381b23465a383be35b6eb408f0666b55793e3ea40e6044d3a2b3c5/pillow_heif-1.7.0-cp315-cp315t-musllinux_1_2_aarch64.whl", hash = "sha256:a2dc2a387f5d73dbb1046f8e5cc03de12a98fe3d24b279bb820581cf8e578759", size = 7405426, upload-time = "2026-09-06T09:36:33.357Z" },
    { url = "https://files.pythonhosted.org/packages/ff/21/00f694f2e58ffd4e3f2b50913257c7a344acef984b4760828c46e932e619/pillow_heif-1.7.0-cp315-cp315t-musllinux_1_2_x86_64.whl", hash = "sha256:f79143e66081c5e4433330ddb0908f494d7aab0034b7809b9d51ec4598583793", size = 6660429, upload-time = "2026-09-06T09:36:35.754Z" },
    { url = "https://files.pythonhosted.org/packages/17/b8/c338dd8ad8da2f01b2061080713dfcc9f2b06495c21a73f06a11a6955baa/pillow_heif-1.7.0-cp315-cp315t-win_amd64.whl", hash = "sha256:0480dc54e6000fa5a6ec3a9749bc1dfb18e040ee36b355e6c2bda9f5e62dceea", size = 6763112, upload-time = "2026-09-06T09:36:37.735Z" },
    { url = "https://files.pythonhosted.org/packages/db/1a/ac10f1d216c15cea044cbaf9e583fe7fe5682ebc2285a1d79285e8fb55d6/pillow_heif-1.7.0-cp315-cp315t-win_arm64.whl", hash = "sha256:728a2a80eff96287708a9030ea47fa161dfae0d6308551ac59cd8717e8339d9a", size = 4058774, upload-time = "2026-09-06T09:36:39.908Z" },
]

[[package]]
name = "pyyaml"
version = "6.0.3"
source = { registry = "https://pypi.org/simple" }
sdist = { url = "https://files.pythonhosted.org/packages/05/8e/961c0007c59b8dd7729d542c61a4d537767a59645b82a0b521206e1e25c2/pyyaml-6.0.3.tar.gz", hash = "sha256:d76623373421df22fb4cf8817020cbb7ef15c725b9d5e45f17e189bfc384190f", size = 130960, upload-time = "2025-09-25T21:33:16.546Z" }
wheels = [
    { url = "https://files.pythonhosted.org/packages/9d/8c/f4bd7f6465179953d3ac9bc44ac1a8a3e6122cf8ada906b4f96c60172d43/pyyaml-6.0.3-cp314-cp314-macosx_10_13_x86_64.whl", hash = "sha256:8d1fab6bb153a416f9aeb4b8763bc0f22a5586065f86f7664fc23339fc1c1fac", size = 181814, upload-time = "2025-09-25T21:32:35.712Z" },
    { url = "https://files.pythonhosted.org/packages/bd/9c/4d95bb87eb2063d20db7b60faa3840c1b18025517ae857371c4dd55a6b3a/pyyaml-6.0.3-cp314-cp314-macosx_11_0_arm64.whl", hash = "sha256:34d5fcd24b8445fadc33f9cf348c1047101756fd760b4dacb5c3e99755703310", size = 173809, upload-time = "2025-09-25T21:32:36.789Z" },
    { url = "https://files.pythonhosted.org/packages/92/b5/47e807c2623074914e29dabd16cbbdd4bf5e9b2db9f8090fa64411fc5382/pyyaml-6.0.3-cp314-cp314-manylinux2014_aarch64.manylinux_2_17_aarch64.manylinux_2_28_aarch64.whl", hash = "sha256:501a031947e3a9025ed4405a168e6ef5ae3126c59f90ce0cd6f2bfc477be31b7", size = 766454, upload-time = "2025-09-25T21:32:37.966Z" },
    { url = "https://files.pythonhosted.org/packages/02/9e/e5e9b168be58564121efb3de6859c452fccde0ab093d8438905899a3a483/pyyaml-6.0.3-cp314-cp314-manylinux2014_s390x.manylinux_2_17_s390x.manylinux_2_28_s390x.whl", hash = "sha256:b3bc83488de33889877a0f2543ade9f70c67d66d9ebb4ac959502e12de895788", size = 836355, upload-time = "2025-09-25T21:32:39.178Z" },
    { url = "https://files.pythonhosted.org/packages/88/f9/16491d7ed2a919954993e48aa941b200f38040928474c9e85ea9e64222c3/pyyaml-6.0.3-cp314-cp314-manylinux2014_x86_64.manylinux_2_17_x86_64.manylinux_2_28_x86_64.whl", hash = "sha256:c458b6d084f9b935061bc36216e8a69a7e293a2f1e68bf956dcd9e6cbcd143f5", size = 794175, upload-time = "2025-09-25T21:32:40.865Z" },
    { url = "https://files.pythonhosted.org/packages/dd/3f/5989debef34dc6397317802b527dbbafb2b4760878a53d4166579111411e/pyyaml-6.0.3-cp314-cp314-musllinux_1_2_aarch64.whl", hash = "sha256:7c6610def4f163542a622a73fb39f534f8c101d690126992300bf3207eab9764", size = 755228, upload-time = "2025-09-25T21:32:42.084Z" },
    { url = "https://files.pythonhosted.org/packages/d7/ce/af88a49043cd2e265be63d083fc75b27b6ed062f5f9fd6cdc223ad62f03e/pyyaml-6.0.3-cp314-cp314-musllinux_1_2_x86_64.whl", hash = "sha256:5190d403f121660ce8d1d2c1bb2ef1bd05b5f68533fc5c2ea899bd15f4399b35", size = 789194, upload-time = "2025-09-25T21:32:43.362Z" },
    { url = "https://files.pythonhosted.org/packages/23/20/bb6982b26a40bb43951265ba29d4c246ef0ff59c9fdcdf0ed04e0687de4d/pyyaml-6.0.3-cp314-cp314-win_amd64.whl", hash = "sha256:4a2e8cebe2ff6ab7d1050ecd59c25d4c8bd7e6f400f5f82b96557ac0abafd0ac", size = 156429, upload-time = "2025-09-25T21:32:57.844Z" },
    { url = "https://files.pythonhosted.org/packages/f4/f4/a4541072bb9422c8a883ab55255f918fa378ecf083f5b85e87fc2b4eda1b/pyyaml-6.0.3-cp314-cp314-win_arm64.whl", hash = "sha256:93dda82c9c22deb0a405ea4dc5f2d0cda384168e466364dec6255b293923b2f3", size = 143912, upload-time = "2025-09-25T21:32:59.247Z" },
    { url = "https://files.pythonhosted.org/packages/7c/f9/07dd09ae774e4616edf6cda684ee78f97777bdd15847253637a6f052a62f/pyyaml-6.0.3-cp314-cp314t-macosx_10_13_x86_64.whl", hash = "sha256:02893d100e99e03eda1c8fd5c441d8c60103fd175728e23e431db1b589cf5ab3", size = 189108, upload-time = "2025-09-25T21:32:44.377Z" },
    { url = "https://files.pythonhosted.org/packages/4e/78/8d08c9fb7ce09ad8c38ad533c1191cf27f7ae1effe5bb9400a46d9437fcf/pyyaml-6.0.3-cp314-cp314t-macosx_11_0_arm64.whl", hash = "sha256:c1ff362665ae507275af2853520967820d9124984e0f7466736aea23d8611fba", size = 183641, upload-time = "2025-09-25T21:32:45.407Z" },
    { url = "https://files.pythonhosted.org/packages/7b/5b/3babb19104a46945cf816d047db2788bcaf8c94527a805610b0289a01c6b/pyyaml-6.0.3-cp314-cp314t-manylinux2014_aarch64.manylinux_2_17_aarch64.manylinux_2_28_aarch64.whl", hash = "sha256:6adc77889b628398debc7b65c073bcb99c4a0237b248cacaf3fe8a557563ef6c", size = 831901, upload-time = "2025-09-25T21:32:48.83Z" },
    { url = "https://files.pythonhosted.org/packages/8b/cc/dff0684d8dc44da4d22a13f35f073d558c268780ce3c6ba1b87055bb0b87/pyyaml-6.0.3-cp314-cp314t-manylinux2014_s390x.manylinux_2_17_s390x.manylinux_2_28_s390x.whl", hash = "sha256:a80cb027f6b349846a3bf6d73b5e95e782175e52f22108cfa17876aaeff93702", size = 861132, upload-time = "2025-09-25T21:32:50.149Z" },
    { url = "https://files.pythonhosted.org/packages/b1/5e/f77dc6b9036943e285ba76b49e118d9ea929885becb0a29ba8a7c75e29fe/pyyaml-6.0.3-cp314-cp314t-manylinux2014_x86_64.manylinux_2_17_x86_64.manylinux_2_28_x86_64.whl", hash = "sha256:00c4bdeba853cc34e7dd471f16b4114f4162dc03e6b7afcc2128711f0eca823c", size = 839261, upload-time = "2025-09-25T21:32:51.808Z" },
    { url = "https://files.pythonhosted.org/packages/ce/88/a9db1376aa2a228197c58b37302f284b5617f56a5d959fd1763fb1675ce6/pyyaml-6.0.3-cp314-cp314t-musllinux_1_2_aarch64.whl", hash = "sha256:66e1674c3ef6f541c35191caae2d429b967b99e02040f5ba928632d9a7f0f065", size = 805272, upload-time = "2025-09-25T21:32:52.941Z" },
    { url = "https://files.pythonhosted.org/packages/da/92/1446574745d74df0c92e6aa4a7b0b3130706a4142b2d1a5869f2eaa423c6/pyyaml-6.0.3-cp314-cp314t-musllinux_1_2_x86_64.whl", hash = "sha256:16249ee61e95f858e83976573de0f5b2893b3677ba71c9dd36b9cf8be9ac6d65", size = 829923, upload-time = "2025-09-25T21:32:54.537Z" },
    { url = "https://files.pythonhosted.org/packages/f0/7a/1c7270340330e575b92f397352af856a8c06f230aa3e76f86b39d01b416a/pyyaml-6.0.3-cp314-cp314t-win_amd64.whl", hash = "sha256:4ad1906908f2f5ae4e5a8ddfce73c320c2a1429ec52eafd27138b7f1cbe341c9", size = 174062, upload-time = "2025-09-25T21:32:55.767Z" },
    { url = "https://files.pythonhosted.org/packages/f1/12/de94a39c2ef588c7e6455cfbe7343d3b2dc9d6b6b2f40c4c6565744c873d/pyyaml-6.0.3-cp314-cp314t-win_arm64.whl", hash = "sha256:ebc55a14a21cb14062aa4162f906cd962b28e2e9ea38f9b4391244cd8de4ae0b", size = 149341, upload-time = "2025-09-25T21:32:56.828Z" },
]

[[package]]
name = "slide-show"
version = "0.1.0"
source = { virtual = "." }
dependencies = [
    { name = "pillow" },
    { name = "pillow-heif" },
    { name = "pyyaml" },
]

[package.metadata]
requires-dist = [
    { name = "pillow", specifier = ">=10.0" },
    { name = "pillow-heif", specifier = ">=0.18" },
    { name = "pyyaml", specifier = ">=6.0" },
]
